
Microsoft Visual Studio Solution File, Format Version 12.00
# Visual Studio Version 16
VisualStudioVersion = 16.0.32630.194
MinimumVisualStudioVersion = 10.0.40219.1
Project("{FAE04EC0-301F-11D3-BF4B-00C04F79EFBC}") = "RealHome", "RealHome\RealHome.csproj", "{3434DE6E-0133-4404-A9F3-15905ED3E18A}"
EndProject
Global
	GlobalSection(SolutionConfigurationPlatforms) = preSolution
		Debug|Any CPU = Debug|Any CPU
		Release|Any CPU = Release|Any CPU
	EndGlobalSection
	GlobalSection(ProjectConfigurationPlatforms) = postSolution
		{3434DE6E-0133-4404-A9F3-15905ED3E18A}.Debug|Any CPU.ActiveCfg = Debug|Any CPU
		{3434DE6E-0133-4404-A9F3-15905ED3E18A}.Debug|Any CPU.Build.0 = Debug|Any CPU
		{3434DE6E-0133-4404-A9F3-15905ED3E18A}.Release|Any CPU.ActiveCfg = Release|Any CPU
		{3434DE6E-0133-4404-A9F3-15905ED3E18A}.Release|Any CPU.Build.0 = Release|Any CPU
	EndGlobalSection
	GlobalSection(SolutionProperties) = preSolution
		HideSolutionNode = FALSE
	EndGlobalSection
	GlobalSection(ExtensibilityGlobals) = postSolution
		SolutionGuid = {2A4953A8-EA60-45BE-8CE5-62FCC29E1DB1}
	EndGlobalSection
EndGlobal
